{
  "originHash" : "244301267d8bc2b198e9feda564bdf66020117b4477aa55c77662134585be4aa",
  "pins" : [
    {
      "identity" : "factory",
      "kind" : "remoteSourceControl",
      "location" : "https://github.com/hmlongco/Factory.git",
      "state" : {
        "revision" : "27717e148c0c1ed2998f687a8e98d9395d684abf",
        "version" : "3.3.2"
      }
    },
    {
      "identity" : "posthog-ios",
      "kind" : "remoteSourceControl",
      "location" : "https://github.com/PostHog/posthog-ios.git",
      "state" : {
        "revision" : "2a40ee24aebdb4d77525c5f547b61692c8ef87a9",
        "version" : "3.74.0"
      }
    },
    {
      "identity" : "sentry-cocoa",
      "kind" : "remoteSourceControl",
      "location" : "https://github.com/getsentry/sentry-cocoa.git",
      "state" : {
        "revision" : "61e8cb02434b26fb34c58126d883e5663cfde238",
        "version" : "9.28.0"
      }
    },
    {
      "identity" : "superscript-ios-next",
      "kind" : "remoteSourceControl",
      "location" : "https://github.com/superwall/superscript-ios-next",
      "state" : {
        "revision" : "c3d1ee8d23ae6bf27e2d261c41a61001281166ec",
        "version" : "1.0.15"
      }
    },
    {
      "identity" : "superwall-ios",
      "kind" : "remoteSourceControl",
      "location" : "https://github.com/superwall/Superwall-iOS.git",
      "state" : {
        "revision" : "a9990308209c27de2f3c74e666774f121149678e",
        "version" : "4.16.3"
      }
    }
  ],
  "version" : 3
}
