{
  "originHash" : "7f5d67830751eed43216e3b2c4a63415b54e9f0b67f3d3f4d7fb12143114915a",
  "pins" : [
    {
      "identity" : "factory",
      "kind" : "remoteSourceControl",
      "location" : "https://github.com/hmlongco/Factory.git",
      "state" : {
        "revision" : "27717e148c0c1ed2998f687a8e98d9395d684abf",
        "version" : "3.3.2"
      }
    }
  ],
  "version" : 3
}
